
Microsoft Visual Studio Solution File, Format Version 12.00
# Visual Studio Version 17
VisualStudioVersion = 17.3.32929.385
MinimumVisualStudioVersion = 10.0.40219.1
Project("{FAE04EC0-301F-11D3-BF4B-00C04F79EFBC}") = "P01-01.php", "P01-01.php\P01-01.php.csproj", "{2612320D-D5A1-4D0E-8ACF-406B15905CBD}"
EndProject
Global
	GlobalSection(SolutionConfigurationPlatforms) = preSolution
		Debug|Any CPU = Debug|Any CPU
		Release|Any CPU = Release|Any CPU
	EndGlobalSection
	GlobalSection(ProjectConfigurationPlatforms) = postSolution
		{2612320D-D5A1-4D0E-8ACF-406B15905CBD}.Debug|Any CPU.ActiveCfg = Debug|Any CPU
		{2612320D-D5A1-4D0E-8ACF-406B15905CBD}.Debug|Any CPU.Build.0 = Debug|Any CPU
		{2612320D-D5A1-4D0E-8ACF-406B15905CBD}.Release|Any CPU.ActiveCfg = Release|Any CPU
		{2612320D-D5A1-4D0E-8ACF-406B15905CBD}.Release|Any CPU.Build.0 = Release|Any CPU
	EndGlobalSection
	GlobalSection(SolutionProperties) = preSolution
		HideSolutionNode = FALSE
	EndGlobalSection
	GlobalSection(ExtensibilityGlobals) = postSolution
		SolutionGuid = {DB3D001C-55B3-4099-AAD6-F81F24CFF526}
	EndGlobalSection
EndGlobal
